
Microsoft Visual Studio Solution File, Format Version 12.00
# Visual Studio Version 17
VisualStudioVersion = 17.9.34728.123
MinimumVisualStudioVersion = 10.0.40219.1
Project("{FAE04EC0-301F-11D3-BF4B-00C04F79EFBC}") = "music-player", "music-player\music-player.csproj", "{76005EB1-B958-46C1-9720-416E21BF1199}"
EndProject
Global
	GlobalSection(SolutionConfigurationPlatforms) = preSolution
		Debug|Any CPU = Debug|Any CPU
		Release|Any CPU = Release|Any CPU
	EndGlobalSection
	GlobalSection(ProjectConfigurationPlatforms) = postSolution
		{76005EB1-B958-46C1-9720-416E21BF1199}.Debug|Any CPU.ActiveCfg = Debug|Any CPU
		{76005EB1-B958-46C1-9720-416E21BF1199}.Debug|Any CPU.Build.0 = Debug|Any CPU
		{76005EB1-B958-46C1-9720-416E21BF1199}.Release|Any CPU.ActiveCfg = Release|Any CPU
		{76005EB1-B958-46C1-9720-416E21BF1199}.Release|Any CPU.Build.0 = Release|Any CPU
	EndGlobalSection
	GlobalSection(SolutionProperties) = preSolution
		HideSolutionNode = FALSE
	EndGlobalSection
	GlobalSection(ExtensibilityGlobals) = postSolution
		SolutionGuid = {CE3EA0B0-CA81-4CC6-B306-7A0C4D3DE89B}
	EndGlobalSection
EndGlobal
