
Microsoft Visual Studio Solution File, Format Version 12.00
# Visual Studio Version 17
VisualStudioVersion = 17.9.34728.123
MinimumVisualStudioVersion = 10.0.40219.1
Project("{FAE04EC0-301F-11D3-BF4B-00C04F79EFBC}") = "Product Management", "Product Management\Product Management.csproj", "{AC8E2E28-E00A-4070-8CF2-3A67A3B1246B}"
EndProject
Global
	GlobalSection(SolutionConfigurationPlatforms) = preSolution
		Debug|Any CPU = Debug|Any CPU
		Release|Any CPU = Release|Any CPU
	EndGlobalSection
	GlobalSection(ProjectConfigurationPlatforms) = postSolution
		{AC8E2E28-E00A-4070-8CF2-3A67A3B1246B}.Debug|Any CPU.ActiveCfg = Debug|Any CPU
		{AC8E2E28-E00A-4070-8CF2-3A67A3B1246B}.Debug|Any CPU.Build.0 = Debug|Any CPU
		{AC8E2E28-E00A-4070-8CF2-3A67A3B1246B}.Release|Any CPU.ActiveCfg = Release|Any CPU
		{AC8E2E28-E00A-4070-8CF2-3A67A3B1246B}.Release|Any CPU.Build.0 = Release|Any CPU
	EndGlobalSection
	GlobalSection(SolutionProperties) = preSolution
		HideSolutionNode = FALSE
	EndGlobalSection
	GlobalSection(ExtensibilityGlobals) = postSolution
		SolutionGuid = {13C64F47-AA80-4CCE-95A2-43160A7C42A5}
	EndGlobalSection
EndGlobal
